
Microsoft Visual Studio Solution File, Format Version 12.00
# Visual Studio Version 16
VisualStudioVersion = 16.0.29926.136
MinimumVisualStudioVersion = 10.0.40219.1
Project("{FAE04EC0-301F-11D3-BF4B-00C04F79EFBC}") = "FinalAssessment_OOD_Ronan_Finnegan_Duffy_S00187127", "FinalAssessment_OOD_Ronan_Finnegan_Duffy_S00187127\FinalAssessment_OOD_Ronan_Finnegan_Duffy_S00187127.csproj", "{942FAA37-811E-45E6-B623-2274A82852DD}"
EndProject
Project("{FAE04EC0-301F-11D3-BF4B-00C04F79EFBC}") = "FinalAssessment.Testing", "FinalAssessment.Testing\FinalAssessment.Testing.csproj", "{07EEB6A9-420B-4C51-BC63-6252D0BEDB47}"
EndProject
Project("{FAE04EC0-301F-11D3-BF4B-00C04F79EFBC}") = "DataManagement", "DataManagement\DataManagement.csproj", "{421EF6EE-C96D-4978-9CC8-0DCD4DBF1FF2}"
EndProject
Global
	GlobalSection(SolutionConfigurationPlatforms) = preSolution
		Debug|Any CPU = Debug|Any CPU
		Release|Any CPU = Release|Any CPU
	EndGlobalSection
	GlobalSection(ProjectConfigurationPlatforms) = postSolution
		{942FAA37-811E-45E6-B623-2274A82852DD}.Debug|Any CPU.ActiveCfg = Debug|Any CPU
		{942FAA37-811E-45E6-B623-2274A82852DD}.Debug|Any CPU.Build.0 = Debug|Any CPU
		{942FAA37-811E-45E6-B623-2274A82852DD}.Release|Any CPU.ActiveCfg = Release|Any CPU
		{942FAA37-811E-45E6-B623-2274A82852DD}.Release|Any CPU.Build.0 = Release|Any CPU
		{07EEB6A9-420B-4C51-BC63-6252D0BEDB47}.Debug|Any CPU.ActiveCfg = Debug|Any CPU
		{07EEB6A9-420B-4C51-BC63-6252D0BEDB47}.Debug|Any CPU.Build.0 = Debug|Any CPU
		{07EEB6A9-420B-4C51-BC63-6252D0BEDB47}.Release|Any CPU.ActiveCfg = Release|Any CPU
		{07EEB6A9-420B-4C51-BC63-6252D0BEDB47}.Release|Any CPU.Build.0 = Release|Any CPU
		{421EF6EE-C96D-4978-9CC8-0DCD4DBF1FF2}.Debug|Any CPU.ActiveCfg = Debug|Any CPU
		{421EF6EE-C96D-4978-9CC8-0DCD4DBF1FF2}.Debug|Any CPU.Build.0 = Debug|Any CPU
		{421EF6EE-C96D-4978-9CC8-0DCD4DBF1FF2}.Release|Any CPU.ActiveCfg = Release|Any CPU
		{421EF6EE-C96D-4978-9CC8-0DCD4DBF1FF2}.Release|Any CPU.Build.0 = Release|Any CPU
	EndGlobalSection
	GlobalSection(SolutionProperties) = preSolution
		HideSolutionNode = FALSE
	EndGlobalSection
	GlobalSection(ExtensibilityGlobals) = postSolution
		SolutionGuid = {1C22A801-A303-48B4-8004-AF396B47A005}
	EndGlobalSection
EndGlobal
